
Microsoft Visual Studio Solution File, Format Version 12.00
# Visual Studio 15
VisualStudioVersion = 15.0.28307.136
MinimumVisualStudioVersion = 10.0.40219.1
Project("{9A19103F-16F7-4668-BE54-9A1E7A4F7556}") = "Website-Verstegen", "Website-Verstegen\Website-Verstegen.csproj", "{4A40F784-C645-45E2-A586-7E2152CCF5DE}"
EndProject
Project("{FAE04EC0-301F-11D3-BF4B-00C04F79EFBC}") = "Test-Verstegen", "Test-Verstegen\Test-Verstegen.csproj", "{B942D49C-DAE8-457F-9353-3A6865151F7E}"
EndProject
Global
	GlobalSection(SolutionConfigurationPlatforms) = preSolution
		Debug|Any CPU = Debug|Any CPU
		Release|Any CPU = Release|Any CPU
	EndGlobalSection
	GlobalSection(ProjectConfigurationPlatforms) = postSolution
		{4A40F784-C645-45E2-A586-7E2152CCF5DE}.Debug|Any CPU.ActiveCfg = Debug|Any CPU
		{4A40F784-C645-45E2-A586-7E2152CCF5DE}.Debug|Any CPU.Build.0 = Debug|Any CPU
		{4A40F784-C645-45E2-A586-7E2152CCF5DE}.Release|Any CPU.ActiveCfg = Release|Any CPU
		{4A40F784-C645-45E2-A586-7E2152CCF5DE}.Release|Any CPU.Build.0 = Release|Any CPU
		{B942D49C-DAE8-457F-9353-3A6865151F7E}.Debug|Any CPU.ActiveCfg = Debug|Any CPU
		{B942D49C-DAE8-457F-9353-3A6865151F7E}.Debug|Any CPU.Build.0 = Debug|Any CPU
		{B942D49C-DAE8-457F-9353-3A6865151F7E}.Release|Any CPU.ActiveCfg = Release|Any CPU
		{B942D49C-DAE8-457F-9353-3A6865151F7E}.Release|Any CPU.Build.0 = Release|Any CPU
	EndGlobalSection
	GlobalSection(SolutionProperties) = preSolution
		HideSolutionNode = FALSE
	EndGlobalSection
	GlobalSection(ExtensibilityGlobals) = postSolution
		SolutionGuid = {6773B155-E1C2-44D9-80D6-CC189B0051F2}
	EndGlobalSection
EndGlobal
